
Microsoft Visual Studio Solution File, Format Version 12.00
# Visual Studio Version 17
VisualStudioVersion = 17.5.33627.172
MinimumVisualStudioVersion = 10.0.40219.1
Project("{F184B08F-C81C-45F6-A57F-5ABD9991F28F}") = "Houkago", "Houkago.vbproj", "{78EB5A47-A31B-46A3-B83D-EEEC1A53540A}"
EndProject
Global
	GlobalSection(SolutionConfigurationPlatforms) = preSolution
		Debug|Any CPU = Debug|Any CPU
		Release|Any CPU = Release|Any CPU
	EndGlobalSection
	GlobalSection(ProjectConfigurationPlatforms) = postSolution
		{78EB5A47-A31B-46A3-B83D-EEEC1A53540A}.Debug|Any CPU.ActiveCfg = Debug|Any CPU
		{78EB5A47-A31B-46A3-B83D-EEEC1A53540A}.Debug|Any CPU.Build.0 = Debug|Any CPU
		{78EB5A47-A31B-46A3-B83D-EEEC1A53540A}.Release|Any CPU.ActiveCfg = Release|Any CPU
		{78EB5A47-A31B-46A3-B83D-EEEC1A53540A}.Release|Any CPU.Build.0 = Release|Any CPU
	EndGlobalSection
	GlobalSection(SolutionProperties) = preSolution
		HideSolutionNode = FALSE
	EndGlobalSection
	GlobalSection(ExtensibilityGlobals) = postSolution
		SolutionGuid = {E0307A5F-D574-449C-AA84-DECD752972C4}
	EndGlobalSection
EndGlobal
